// !$*UTF8*$!
{
	archiveVersion = 1;
	classes = {
	};
	objectVersion = 56;
	objects = {

/* Begin PBXBuildFile section */
		4E2D6B572D0B5D9800413975 /* ContentView.swift in Sources */ = {isa = PBXBuildFile; fileRef = 4E2D6B562D0B5D9800413975 /* ContentView.swift */; };
		4E2D6B6F2D0B5D9900413975 /* connectMidiMultipleApp.swift in Sources */ = {isa = PBXBuildFile; fileRef = 4E2D6B6E2D0B5D9900413975 /* connectMidiMultipleApp.swift */; };
		4E2D6B712D0B5D9A00413975 /* Assets.xcassets in Resources */ = {isa = PBXBuildFile; fileRef = 4E2D6B702D0B5D9A00413975 /* Assets.xcassets */; };
		4E2D6B742D0B5D9A00413975 /* Preview Assets.xcassets in Resources */ = {isa = PBXBuildFile; fileRef = 4E2D6B732D0B5D9A00413975 /* Preview Assets.xcassets */; };
		4E2D6B7B2D0B5D9A00413975 /* connectMidiMultipleExtension.appex in Embed Foundation Extensions */ = {isa = PBXBuildFile; fileRef = 4E2D6B7A2D0B5D9A00413975 /* connectMidiMultipleExtension.appex */; settings = {ATTRIBUTES = (RemoveHeadersOnCopy, ); }; };
		4E2D6B802D0B5D9A00413975 /* README.md in Resources */ = {isa = PBXBuildFile; fileRef = 4E2D6B7F2D0B5D9A00413975 /* README.md */; };
		4E2D6B852D0B5D9A00413975 /* ParameterSpecBase.swift in Sources */ = {isa = PBXBuildFile; fileRef = 4E2D6B842D0B5D9A00413975 /* ParameterSpecBase.swift */; };
		4E2D6B882D0B5D9A00413975 /* CrossPlatform.swift in Sources */ = {isa = PBXBuildFile; fileRef = 4E2D6B872D0B5D9A00413975 /* CrossPlatform.swift */; };
		4E2D6B8A2D0B5D9A00413975 /* String+Utils.swift in Sources */ = {isa = PBXBuildFile; fileRef = 4E2D6B892D0B5D9A00413975 /* String+Utils.swift */; };
		4E2D6B8E2D0B5D9A00413975 /* connectMidiMultipleExtensionAudioUnit.mm in Sources */ = {isa = PBXBuildFile; fileRef = 4E2D6B8D2D0B5D9A00413975 /* connectMidiMultipleExtensionAudioUnit.mm */; };
		4E2D6B912D0B5D9A00413975 /* connectMidiMultipleExtensionAUProcessHelper.hpp in Resources */ = {isa = PBXBuildFile; fileRef = 4E2D6B902D0B5D9A00413975 /* connectMidiMultipleExtensionAUProcessHelper.hpp */; };
		4E2D6B952D0B5D9A00413975 /* Parameters.swift in Sources */ = {isa = PBXBuildFile; fileRef = 4E2D6B942D0B5D9A00413975 /* Parameters.swift */; };
		4E2D6B982D0B5D9A00413975 /* connectMidiMultipleExtensionDSPKernel.hpp in Resources */ = {isa = PBXBuildFile; fileRef = 4E2D6B972D0B5D9A00413975 /* connectMidiMultipleExtensionDSPKernel.hpp */; };
		4E2D6B9B2D0B5D9A00413975 /* AudioUnitFactory.swift in Sources */ = {isa = PBXBuildFile; fileRef = 4E2D6B9A2D0B5D9A00413975 /* AudioUnitFactory.swift */; };
		4E2D6BA72D0B5E6C00413975 /* Engine.swift in Sources */ = {isa = PBXBuildFile; fileRef = 4E2D6BA62D0B5E6C00413975 /* Engine.swift */; };
		4E2D6BAF2D0B7B7300413975 /* Sounds in Resources */ = {isa = PBXBuildFile; fileRef = 4E2D6BAE2D0B7B7300413975 /* Sounds */; };
/* End PBXBuildFile section */

/* Begin PBXContainerItemProxy section */
		4E2D6B7C2D0B5D9A00413975 /* PBXContainerItemProxy */ = {
			isa = PBXContainerItemProxy;
			containerPortal = 4E2D6B4B2D0B5D9800413975 /* Project object */;
			proxyType = 1;
			remoteGlobalIDString = 4E2D6B792D0B5D9A00413975;
			remoteInfo = connectMidiMultipleExtension;
		};
/* End PBXContainerItemProxy section */

/* Begin PBXCopyFilesBuildPhase section */
		4E2D6BA22D0B5D9A00413975 /* Embed Foundation Extensions */ = {
			isa = PBXCopyFilesBuildPhase;
			buildActionMask = 2147483647;
			dstPath = "";
			dstSubfolderSpec = 13;
			files = (
				4E2D6B7B2D0B5D9A00413975 /* connectMidiMultipleExtension.appex in Embed Foundation Extensions */,
			);
			name = "Embed Foundation Extensions";
			runOnlyForDeploymentPostprocessing = 0;
		};
/* End PBXCopyFilesBuildPhase section */

/* Begin PBXFileReference section */
		4E2D6B532D0B5D9800413975 /* connectMidiMultiple.app */ = {isa = PBXFileReference; explicitFileType = wrapper.application; includeInIndex = 0; path = connectMidiMultiple.app; sourceTree = BUILT_PRODUCTS_DIR; };
		4E2D6B562D0B5D9800413975 /* ContentView.swift */ = {isa = PBXFileReference; lastKnownFileType = sourcecode.swift; path = ContentView.swift; sourceTree = "<group>"; };
		4E2D6B6E2D0B5D9900413975 /* connectMidiMultipleApp.swift */ = {isa = PBXFileReference; lastKnownFileType = sourcecode.swift; path = connectMidiMultipleApp.swift; sourceTree = "<group>"; };
		4E2D6B702D0B5D9A00413975 /* Assets.xcassets */ = {isa = PBXFileReference; lastKnownFileType = folder.assetcatalog; path = Assets.xcassets; sourceTree = "<group>"; };
		4E2D6B732D0B5D9A00413975 /* Preview Assets.xcassets */ = {isa = PBXFileReference; lastKnownFileType = folder.assetcatalog; path = "Preview Assets.xcassets"; sourceTree = "<group>"; };
		4E2D6B752D0B5D9A00413975 /* connectMidiMultiple.entitlements */ = {isa = PBXFileReference; lastKnownFileType = text.plist.entitlements; path = connectMidiMultiple.entitlements; sourceTree = "<group>"; };
		4E2D6B7A2D0B5D9A00413975 /* connectMidiMultipleExtension.appex */ = {isa = PBXFileReference; explicitFileType = "wrapper.app-extension"; includeInIndex = 0; path = connectMidiMultipleExtension.appex; sourceTree = BUILT_PRODUCTS_DIR; };
		4E2D6B7F2D0B5D9A00413975 /* README.md */ = {isa = PBXFileReference; lastKnownFileType = net.daringfireball.markdown; path = README.md; sourceTree = "<group>"; };
		4E2D6B822D0B5D9A00413975 /* connectMidiMultipleExtension-Bridging-Header.h */ = {isa = PBXFileReference; lastKnownFileType = sourcecode.c.h; path = "connectMidiMultipleExtension-Bridging-Header.h"; sourceTree = "<group>"; };
		4E2D6B842D0B5D9A00413975 /* ParameterSpecBase.swift */ = {isa = PBXFileReference; lastKnownFileType = sourcecode.swift; path = ParameterSpecBase.swift; sourceTree = "<group>"; };
		4E2D6B872D0B5D9A00413975 /* CrossPlatform.swift */ = {isa = PBXFileReference; lastKnownFileType = sourcecode.swift; path = CrossPlatform.swift; sourceTree = "<group>"; };
		4E2D6B892D0B5D9A00413975 /* String+Utils.swift */ = {isa = PBXFileReference; lastKnownFileType = sourcecode.swift; path = "String+Utils.swift"; sourceTree = "<group>"; };
		4E2D6B8C2D0B5D9A00413975 /* connectMidiMultipleExtensionAudioUnit.h */ = {isa = PBXFileReference; lastKnownFileType = sourcecode.c.h; path = connectMidiMultipleExtensionAudioUnit.h; sourceTree = "<group>"; };
		4E2D6B8D2D0B5D9A00413975 /* connectMidiMultipleExtensionAudioUnit.mm */ = {isa = PBXFileReference; lastKnownFileType = sourcecode.cpp.objcpp; path = connectMidiMultipleExtensionAudioUnit.mm; sourceTree = "<group>"; };
		4E2D6B902D0B5D9A00413975 /* connectMidiMultipleExtensionAUProcessHelper.hpp */ = {isa = PBXFileReference; lastKnownFileType = sourcecode.cpp.h; path = connectMidiMultipleExtensionAUProcessHelper.hpp; sourceTree = "<group>"; };
		4E2D6B932D0B5D9A00413975 /* connectMidiMultipleExtensionParameterAddresses.h */ = {isa = PBXFileReference; lastKnownFileType = sourcecode.c.h; path = connectMidiMultipleExtensionParameterAddresses.h; sourceTree = "<group>"; };
		4E2D6B942D0B5D9A00413975 /* Parameters.swift */ = {isa = PBXFileReference; lastKnownFileType = sourcecode.swift; path = Parameters.swift; sourceTree = "<group>"; };
		4E2D6B972D0B5D9A00413975 /* connectMidiMultipleExtensionDSPKernel.hpp */ = {isa = PBXFileReference; lastKnownFileType = sourcecode.cpp.h; path = connectMidiMultipleExtensionDSPKernel.hpp; sourceTree = "<group>"; };
		4E2D6B9A2D0B5D9A00413975 /* AudioUnitFactory.swift */ = {isa = PBXFileReference; lastKnownFileType = sourcecode.swift; path = AudioUnitFactory.swift; sourceTree = "<group>"; };
		4E2D6B9C2D0B5D9A00413975 /* Info.plist */ = {isa = PBXFileReference; lastKnownFileType = text.plist.xml; path = Info.plist; sourceTree = "<group>"; };
		4E2D6BA62D0B5E6C00413975 /* Engine.swift */ = {isa = PBXFileReference; lastKnownFileType = sourcecode.swift; path = Engine.swift; sourceTree = "<group>"; };
		4E2D6BAE2D0B7B7300413975 /* Sounds */ = {isa = PBXFileReference; lastKnownFileType = folder; path = Sounds; sourceTree = "<group>"; };
/* End PBXFileReference section */

/* Begin PBXFrameworksBuildPhase section */
		4E2D6B502D0B5D9800413975 /* Frameworks */ = {
			isa = PBXFrameworksBuildPhase;
			buildActionMask = 2147483647;
			files = (
			);
			runOnlyForDeploymentPostprocessing = 0;
		};
		4E2D6B772D0B5D9A00413975 /* Frameworks */ = {
			isa = PBXFrameworksBuildPhase;
			buildActionMask = 2147483647;
			files = (
			);
			runOnlyForDeploymentPostprocessing = 0;
		};
/* End PBXFrameworksBuildPhase section */

/* Begin PBXGroup section */
		4E2D6B4A2D0B5D9800413975 = {
			isa = PBXGroup;
			children = (
				4E2D6B552D0B5D9800413975 /* connectMidiMultiple */,
				4E2D6B7E2D0B5D9A00413975 /* connectMidiMultipleExtension */,
				4E2D6B542D0B5D9800413975 /* Products */,
			);
			sourceTree = "<group>";
		};
		4E2D6B542D0B5D9800413975 /* Products */ = {
			isa = PBXGroup;
			children = (
				4E2D6B532D0B5D9800413975 /* connectMidiMultiple.app */,
				4E2D6B7A2D0B5D9A00413975 /* connectMidiMultipleExtension.appex */,
			);
			name = Products;
			sourceTree = "<group>";
		};
		4E2D6B552D0B5D9800413975 /* connectMidiMultiple */ = {
			isa = PBXGroup;
			children = (
				4E2D6BAE2D0B7B7300413975 /* Sounds */,
				4E2D6B562D0B5D9800413975 /* ContentView.swift */,
				4E2D6BA62D0B5E6C00413975 /* Engine.swift */,
				4E2D6B6E2D0B5D9900413975 /* connectMidiMultipleApp.swift */,
				4E2D6B702D0B5D9A00413975 /* Assets.xcassets */,
				4E2D6B752D0B5D9A00413975 /* connectMidiMultiple.entitlements */,
				4E2D6B722D0B5D9A00413975 /* Preview Content */,
			);
			path = connectMidiMultiple;
			sourceTree = "<group>";
		};
		4E2D6B722D0B5D9A00413975 /* Preview Content */ = {
			isa = PBXGroup;
			children = (
				4E2D6B732D0B5D9A00413975 /* Preview Assets.xcassets */,
			);
			path = "Preview Content";
			sourceTree = "<group>";
		};
		4E2D6B7E2D0B5D9A00413975 /* connectMidiMultipleExtension */ = {
			isa = PBXGroup;
			children = (
				4E2D6B7F2D0B5D9A00413975 /* README.md */,
				4E2D6B9C2D0B5D9A00413975 /* Info.plist */,
				4E2D6B812D0B5D9A00413975 /* Common */,
				4E2D6B922D0B5D9A00413975 /* Parameters */,
				4E2D6B962D0B5D9A00413975 /* DSP */,
			);
			path = connectMidiMultipleExtension;
			sourceTree = "<group>";
		};
		4E2D6B812D0B5D9A00413975 /* Common */ = {
			isa = PBXGroup;
			children = (
				4E2D6B822D0B5D9A00413975 /* connectMidiMultipleExtension-Bridging-Header.h */,
				4E2D6B832D0B5D9A00413975 /* Parameters */,
				4E2D6B862D0B5D9A00413975 /* Utility */,
				4E2D6B8B2D0B5D9A00413975 /* Audio Unit */,
				4E2D6B8F2D0B5D9A00413975 /* DSP */,
				4E2D6B992D0B5D9A00413975 /* AudioUnitFactory */,
			);
			path = Common;
			sourceTree = "<group>";
		};
		4E2D6B832D0B5D9A00413975 /* Parameters */ = {
			isa = PBXGroup;
			children = (
				4E2D6B842D0B5D9A00413975 /* ParameterSpecBase.swift */,
			);
			path = Parameters;
			sourceTree = "<group>";
		};
		4E2D6B862D0B5D9A00413975 /* Utility */ = {
			isa = PBXGroup;
			children = (
				4E2D6B872D0B5D9A00413975 /* CrossPlatform.swift */,
				4E2D6B892D0B5D9A00413975 /* String+Utils.swift */,
			);
			path = Utility;
			sourceTree = "<group>";
		};
		4E2D6B8B2D0B5D9A00413975 /* Audio Unit */ = {
			isa = PBXGroup;
			children = (
				4E2D6B8C2D0B5D9A00413975 /* connectMidiMultipleExtensionAudioUnit.h */,
				4E2D6B8D2D0B5D9A00413975 /* connectMidiMultipleExtensionAudioUnit.mm */,
			);
			path = "Audio Unit";
			sourceTree = "<group>";
		};
		4E2D6B8F2D0B5D9A00413975 /* DSP */ = {
			isa = PBXGroup;
			children = (
				4E2D6B902D0B5D9A00413975 /* connectMidiMultipleExtensionAUProcessHelper.hpp */,
			);
			path = DSP;
			sourceTree = "<group>";
		};
		4E2D6B922D0B5D9A00413975 /* Parameters */ = {
			isa = PBXGroup;
			children = (
				4E2D6B932D0B5D9A00413975 /* connectMidiMultipleExtensionParameterAddresses.h */,
				4E2D6B942D0B5D9A00413975 /* Parameters.swift */,
			);
			path = Parameters;
			sourceTree = "<group>";
		};
		4E2D6B962D0B5D9A00413975 /* DSP */ = {
			isa = PBXGroup;
			children = (
				4E2D6B972D0B5D9A00413975 /* connectMidiMultipleExtensionDSPKernel.hpp */,
			);
			path = DSP;
			sourceTree = "<group>";
		};
		4E2D6B992D0B5D9A00413975 /* AudioUnitFactory */ = {
			isa = PBXGroup;
			children = (
				4E2D6B9A2D0B5D9A00413975 /* AudioUnitFactory.swift */,
			);
			path = AudioUnitFactory;
			sourceTree = "<group>";
		};
/* End PBXGroup section */

/* Begin PBXNativeTarget section */
		4E2D6B522D0B5D9800413975 /* connectMidiMultiple */ = {
			isa = PBXNativeTarget;
			buildConfigurationList = 4E2D6BA32D0B5D9A00413975 /* Build configuration list for PBXNativeTarget "connectMidiMultiple" */;
			buildPhases = (
				4E2D6B4F2D0B5D9800413975 /* Sources */,
				4E2D6B502D0B5D9800413975 /* Frameworks */,
				4E2D6B512D0B5D9800413975 /* Resources */,
				4E2D6BA22D0B5D9A00413975 /* Embed Foundation Extensions */,
			);
			buildRules = (
			);
			dependencies = (
				4E2D6B7D2D0B5D9A00413975 /* PBXTargetDependency */,
			);
			name = connectMidiMultiple;
			productName = connectMidiMultiple;
			productReference = 4E2D6B532D0B5D9800413975 /* connectMidiMultiple.app */;
			productType = "com.apple.product-type.application";
		};
		4E2D6B792D0B5D9A00413975 /* connectMidiMultipleExtension */ = {
			isa = PBXNativeTarget;
			buildConfigurationList = 4E2D6B9F2D0B5D9A00413975 /* Build configuration list for PBXNativeTarget "connectMidiMultipleExtension" */;
			buildPhases = (
				4E2D6B762D0B5D9A00413975 /* Sources */,
				4E2D6B772D0B5D9A00413975 /* Frameworks */,
				4E2D6B782D0B5D9A00413975 /* Resources */,
			);
			buildRules = (
			);
			dependencies = (
			);
			name = connectMidiMultipleExtension;
			productName = connectMidiMultipleExtension;
			productReference = 4E2D6B7A2D0B5D9A00413975 /* connectMidiMultipleExtension.appex */;
			productType = "com.apple.product-type.app-extension";
		};
/* End PBXNativeTarget section */

/* Begin PBXProject section */
		4E2D6B4B2D0B5D9800413975 /* Project object */ = {
			isa = PBXProject;
			attributes = {
				BuildIndependentTargetsInParallel = 1;
				LastSwiftUpdateCheck = 1540;
				LastUpgradeCheck = 1540;
				TargetAttributes = {
					4E2D6B522D0B5D9800413975 = {
						CreatedOnToolsVersion = 15.4;
					};
					4E2D6B792D0B5D9A00413975 = {
						CreatedOnToolsVersion = 15.4;
					};
				};
			};
			buildConfigurationList = 4E2D6B4E2D0B5D9800413975 /* Build configuration list for PBXProject "connectMidiMultiple" */;
			compatibilityVersion = "Xcode 14.0";
			developmentRegion = en;
			hasScannedForEncodings = 0;
			knownRegions = (
				en,
				Base,
			);
			mainGroup = 4E2D6B4A2D0B5D9800413975;
			productRefGroup = 4E2D6B542D0B5D9800413975 /* Products */;
			projectDirPath = "";
			projectRoot = "";
			targets = (
				4E2D6B522D0B5D9800413975 /* connectMidiMultiple */,
				4E2D6B792D0B5D9A00413975 /* connectMidiMultipleExtension */,
			);
		};
/* End PBXProject section */

/* Begin PBXResourcesBuildPhase section */
		4E2D6B512D0B5D9800413975 /* Resources */ = {
			isa = PBXResourcesBuildPhase;
			buildActionMask = 2147483647;
			files = (
				4E2D6BAF2D0B7B7300413975 /* Sounds in Resources */,
				4E2D6B712D0B5D9A00413975 /* Assets.xcassets in Resources */,
				4E2D6B742D0B5D9A00413975 /* Preview Assets.xcassets in Resources */,
			);
			runOnlyForDeploymentPostprocessing = 0;
		};
		4E2D6B782D0B5D9A00413975 /* Resources */ = {
			isa = PBXResourcesBuildPhase;
			buildActionMask = 2147483647;
			files = (
				4E2D6B912D0B5D9A00413975 /* connectMidiMultipleExtensionAUProcessHelper.hpp in Resources */,
				4E2D6B802D0B5D9A00413975 /* README.md in Resources */,
				4E2D6B982D0B5D9A00413975 /* connectMidiMultipleExtensionDSPKernel.hpp in Resources */,
			);
			runOnlyForDeploymentPostprocessing = 0;
		};
/* End PBXResourcesBuildPhase section */

/* Begin PBXSourcesBuildPhase section */
		4E2D6B4F2D0B5D9800413975 /* Sources */ = {
			isa = PBXSourcesBuildPhase;
			buildActionMask = 2147483647;
			files = (
				4E2D6B6F2D0B5D9900413975 /* connectMidiMultipleApp.swift in Sources */,
				4E2D6BA72D0B5E6C00413975 /* Engine.swift in Sources */,
				4E2D6B572D0B5D9800413975 /* ContentView.swift in Sources */,
			);
			runOnlyForDeploymentPostprocessing = 0;
		};
		4E2D6B762D0B5D9A00413975 /* Sources */ = {
			isa = PBXSourcesBuildPhase;
			buildActionMask = 2147483647;
			files = (
				4E2D6B952D0B5D9A00413975 /* Parameters.swift in Sources */,
				4E2D6B8E2D0B5D9A00413975 /* connectMidiMultipleExtensionAudioUnit.mm in Sources */,
				4E2D6B852D0B5D9A00413975 /* ParameterSpecBase.swift in Sources */,
				4E2D6B9B2D0B5D9A00413975 /* AudioUnitFactory.swift in Sources */,
				4E2D6B882D0B5D9A00413975 /* CrossPlatform.swift in Sources */,
				4E2D6B8A2D0B5D9A00413975 /* String+Utils.swift in Sources */,
			);
			runOnlyForDeploymentPostprocessing = 0;
		};
/* End PBXSourcesBuildPhase section */

/* Begin PBXTargetDependency section */
		4E2D6B7D2D0B5D9A00413975 /* PBXTargetDependency */ = {
			isa = PBXTargetDependency;
			target = 4E2D6B792D0B5D9A00413975 /* connectMidiMultipleExtension */;
			targetProxy = 4E2D6B7C2D0B5D9A00413975 /* PBXContainerItemProxy */;
		};
/* End PBXTargetDependency section */

/* Begin XCBuildConfiguration section */
		4E2D6B9D2D0B5D9A00413975 /* Debug */ = {
			isa = XCBuildConfiguration;
			buildSettings = {
				ALWAYS_SEARCH_USER_PATHS = NO;
				ASSETCATALOG_COMPILER_GENERATE_SWIFT_ASSET_SYMBOL_EXTENSIONS = YES;
				CLANG_ANALYZER_NONNULL = YES;
				CLANG_ANALYZER_NUMBER_OBJECT_CONVERSION = YES_AGGRESSIVE;
				CLANG_CXX_LANGUAGE_STANDARD = "gnu++20";
				CLANG_ENABLE_MODULES = YES;
				CLANG_ENABLE_OBJC_ARC = YES;
				CLANG_ENABLE_OBJC_WEAK = YES;
				CLANG_WARN_BLOCK_CAPTURE_AUTORELEASING = YES;
				CLANG_WARN_BOOL_CONVERSION = YES;
				CLANG_WARN_COMMA = YES;
				CLANG_WARN_CONSTANT_CONVERSION = YES;
				CLANG_WARN_DEPRECATED_OBJC_IMPLEMENTATIONS = YES;
				CLANG_WARN_DIRECT_OBJC_ISA_USAGE = YES_ERROR;
				CLANG_WARN_DOCUMENTATION_COMMENTS = YES;
				CLANG_WARN_EMPTY_BODY = YES;
				CLANG_WARN_ENUM_CONVERSION = YES;
				CLANG_WARN_INFINITE_RECURSION = YES;
				CLANG_WARN_INT_CONVERSION = YES;
				CLANG_WARN_NON_LITERAL_NULL_CONVERSION = YES;
				CLANG_WARN_OBJC_IMPLICIT_RETAIN_SELF = YES;
				CLANG_WARN_OBJC_LITERAL_CONVERSION = YES;
				CLANG_WARN_OBJC_ROOT_CLASS = YES_ERROR;
				CLANG_WARN_QUOTED_INCLUDE_IN_FRAMEWORK_HEADER = YES;
				CLANG_WARN_RANGE_LOOP_ANALYSIS = YES;
				CLANG_WARN_STRICT_PROTOTYPES = YES;
				CLANG_WARN_SUSPICIOUS_MOVE = YES;
				CLANG_WARN_UNGUARDED_AVAILABILITY = YES_AGGRESSIVE;
				CLANG_WARN_UNREACHABLE_CODE = YES;
				CLANG_WARN__DUPLICATE_METHOD_MATCH = YES;
				CODE_SIGN_ENTITLEMENTS = connectMidiMultiple/connectMidiMultiple.entitlements;
				COPY_PHASE_STRIP = NO;
				DEBUG_INFORMATION_FORMAT = dwarf;
				ENABLE_STRICT_OBJC_MSGSEND = YES;
				ENABLE_TESTABILITY = YES;
				ENABLE_USER_SCRIPT_SANDBOXING = YES;
				GCC_C_LANGUAGE_STANDARD = gnu17;
				GCC_DYNAMIC_NO_PIC = NO;
				GCC_NO_COMMON_BLOCKS = YES;
				GCC_OPTIMIZATION_LEVEL = 0;
				GCC_PREPROCESSOR_DEFINITIONS = (
					"DEBUG=1",
					"$(inherited)",
				);
				GCC_WARN_64_TO_32_BIT_CONVERSION = YES;
				GCC_WARN_ABOUT_RETURN_TYPE = YES_ERROR;
				GCC_WARN_UNDECLARED_SELECTOR = YES;
				GCC_WARN_UNINITIALIZED_AUTOS = YES_AGGRESSIVE;
				GCC_WARN_UNUSED_FUNCTION = YES;
				GCC_WARN_UNUSED_VARIABLE = YES;
				IPHONEOS_DEPLOYMENT_TARGET = 17.5;
				LOCALIZATION_PREFERS_STRING_CATALOGS = YES;
				MTL_ENABLE_DEBUG_INFO = INCLUDE_SOURCE;
				MTL_FAST_MATH = YES;
				ONLY_ACTIVE_ARCH = YES;
				SDKROOT = iphoneos;
				SWIFT_ACTIVE_COMPILATION_CONDITIONS = "DEBUG $(inherited)";
				SWIFT_OPTIMIZATION_LEVEL = "-Onone";
			};
			name = Debug;
		};
		4E2D6B9E2D0B5D9A00413975 /* Release */ = {
			isa = XCBuildConfiguration;
			buildSettings = {
				ALWAYS_SEARCH_USER_PATHS = NO;
				ASSETCATALOG_COMPILER_GENERATE_SWIFT_ASSET_SYMBOL_EXTENSIONS = YES;
				CLANG_ANALYZER_NONNULL = YES;
				CLANG_ANALYZER_NUMBER_OBJECT_CONVERSION = YES_AGGRESSIVE;
				CLANG_CXX_LANGUAGE_STANDARD = "gnu++20";
				CLANG_ENABLE_MODULES = YES;
				CLANG_ENABLE_OBJC_ARC = YES;
				CLANG_ENABLE_OBJC_WEAK = YES;
				CLANG_WARN_BLOCK_CAPTURE_AUTORELEASING = YES;
				CLANG_WARN_BOOL_CONVERSION = YES;
				CLANG_WARN_COMMA = YES;
				CLANG_WARN_CONSTANT_CONVERSION = YES;
				CLANG_WARN_DEPRECATED_OBJC_IMPLEMENTATIONS = YES;
				CLANG_WARN_DIRECT_OBJC_ISA_USAGE = YES_ERROR;
				CLANG_WARN_DOCUMENTATION_COMMENTS = YES;
				CLANG_WARN_EMPTY_BODY = YES;
				CLANG_WARN_ENUM_CONVERSION = YES;
				CLANG_WARN_INFINITE_RECURSION = YES;
				CLANG_WARN_INT_CONVERSION = YES;
				CLANG_WARN_NON_LITERAL_NULL_CONVERSION = YES;
				CLANG_WARN_OBJC_IMPLICIT_RETAIN_SELF = YES;
				CLANG_WARN_OBJC_LITERAL_CONVERSION = YES;
				CLANG_WARN_OBJC_ROOT_CLASS = YES_ERROR;
				CLANG_WARN_QUOTED_INCLUDE_IN_FRAMEWORK_HEADER = YES;
				CLANG_WARN_RANGE_LOOP_ANALYSIS = YES;
				CLANG_WARN_STRICT_PROTOTYPES = YES;
				CLANG_WARN_SUSPICIOUS_MOVE = YES;
				CLANG_WARN_UNGUARDED_AVAILABILITY = YES_AGGRESSIVE;
				CLANG_WARN_UNREACHABLE_CODE = YES;
				CLANG_WARN__DUPLICATE_METHOD_MATCH = YES;
				CODE_SIGN_ENTITLEMENTS = connectMidiMultiple/connectMidiMultiple.entitlements;
				COPY_PHASE_STRIP = NO;
				DEBUG_INFORMATION_FORMAT = "dwarf-with-dsym";
				ENABLE_NS_ASSERTIONS = NO;
				ENABLE_STRICT_OBJC_MSGSEND = YES;
				ENABLE_USER_SCRIPT_SANDBOXING = YES;
				GCC_C_LANGUAGE_STANDARD = gnu17;
				GCC_NO_COMMON_BLOCKS = YES;
				GCC_WARN_64_TO_32_BIT_CONVERSION = YES;
				GCC_WARN_ABOUT_RETURN_TYPE = YES_ERROR;
				GCC_WARN_UNDECLARED_SELECTOR = YES;
				GCC_WARN_UNINITIALIZED_AUTOS = YES_AGGRESSIVE;
				GCC_WARN_UNUSED_FUNCTION = YES;
				GCC_WARN_UNUSED_VARIABLE = YES;
				IPHONEOS_DEPLOYMENT_TARGET = 17.5;
				LOCALIZATION_PREFERS_STRING_CATALOGS = YES;
				MTL_ENABLE_DEBUG_INFO = NO;
				MTL_FAST_MATH = YES;
				SDKROOT = iphoneos;
				SWIFT_COMPILATION_MODE = wholemodule;
				VALIDATE_PRODUCT = YES;
			};
			name = Release;
		};
		4E2D6BA02D0B5D9A00413975 /* Debug */ = {
			isa = XCBuildConfiguration;
			buildSettings = {
				CLANG_CXX_LANGUAGE_STANDARD = "c++20";
				CLANG_CXX_LIBRARY = "libc++";
				CODE_SIGN_STYLE = Automatic;
				CURRENT_PROJECT_VERSION = 1;
				DEVELOPMENT_TEAM = DKF5TBK6G4;
				GENERATE_INFOPLIST_FILE = YES;
				INFOPLIST_FILE = connectMidiMultipleExtension/Info.plist;
				INFOPLIST_KEY_CFBundleDisplayName = connectMidiMultipleExtension;
				INFOPLIST_KEY_NSHumanReadableCopyright = "";
				LD_RUNPATH_SEARCH_PATHS = (
					"$(inherited)",
					"@executable_path/Frameworks",
					"@executable_path/../../Frameworks",
				);
				MARKETING_VERSION = 1.0;
				PRODUCT_BUNDLE_IDENTIFIER = Myreauks.connectMidiMultiple.connectMidiMultipleExtension;
				PRODUCT_NAME = "$(TARGET_NAME)";
				SKIP_INSTALL = YES;
				SWIFT_EMIT_LOC_STRINGS = YES;
				SWIFT_OBJC_BRIDGING_HEADER = "connectMidiMultipleExtension/Common/connectMidiMultipleExtension-Bridging-Header.h";
				SWIFT_VERSION = 5.0;
				TARGETED_DEVICE_FAMILY = "1,2";
			};
			name = Debug;
		};
		4E2D6BA12D0B5D9A00413975 /* Release */ = {
			isa = XCBuildConfiguration;
			buildSettings = {
				CLANG_CXX_LANGUAGE_STANDARD = "c++20";
				CLANG_CXX_LIBRARY = "libc++";
				CODE_SIGN_STYLE = Automatic;
				CURRENT_PROJECT_VERSION = 1;
				DEVELOPMENT_TEAM = DKF5TBK6G4;
				GENERATE_INFOPLIST_FILE = YES;
				INFOPLIST_FILE = connectMidiMultipleExtension/Info.plist;
				INFOPLIST_KEY_CFBundleDisplayName = connectMidiMultipleExtension;
				INFOPLIST_KEY_NSHumanReadableCopyright = "";
				LD_RUNPATH_SEARCH_PATHS = (
					"$(inherited)",
					"@executable_path/Frameworks",
					"@executable_path/../../Frameworks",
				);
				MARKETING_VERSION = 1.0;
				PRODUCT_BUNDLE_IDENTIFIER = Myreauks.connectMidiMultiple.connectMidiMultipleExtension;
				PRODUCT_NAME = "$(TARGET_NAME)";
				SKIP_INSTALL = YES;
				SWIFT_EMIT_LOC_STRINGS = YES;
				SWIFT_OBJC_BRIDGING_HEADER = "connectMidiMultipleExtension/Common/connectMidiMultipleExtension-Bridging-Header.h";
				SWIFT_VERSION = 5.0;
				TARGETED_DEVICE_FAMILY = "1,2";
			};
			name = Release;
		};
		4E2D6BA42D0B5D9A00413975 /* Debug */ = {
			isa = XCBuildConfiguration;
			buildSettings = {
				ALWAYS_EMBED_SWIFT_STANDARD_LIBRARIES = YES;
				ASSETCATALOG_COMPILER_APPICON_NAME = AppIcon;
				ASSETCATALOG_COMPILER_GLOBAL_ACCENT_COLOR_NAME = AccentColor;
				CODE_SIGN_STYLE = Automatic;
				CURRENT_PROJECT_VERSION = 1;
				DEVELOPMENT_ASSET_PATHS = "\"connectMidiMultiple/Preview Content\"";
				DEVELOPMENT_TEAM = DKF5TBK6G4;
				ENABLE_PREVIEWS = YES;
				GENERATE_INFOPLIST_FILE = YES;
				INFOPLIST_KEY_UIApplicationSceneManifest_Generation = YES;
				INFOPLIST_KEY_UIApplicationSupportsIndirectInputEvents = YES;
				INFOPLIST_KEY_UILaunchScreen_Generation = YES;
				INFOPLIST_KEY_UISupportedInterfaceOrientations_iPad = "UIInterfaceOrientationPortrait UIInterfaceOrientationPortraitUpsideDown UIInterfaceOrientationLandscapeLeft UIInterfaceOrientationLandscapeRight";
				INFOPLIST_KEY_UISupportedInterfaceOrientations_iPhone = "UIInterfaceOrientationPortrait UIInterfaceOrientationLandscapeLeft UIInterfaceOrientationLandscapeRight";
				LD_RUNPATH_SEARCH_PATHS = (
					"$(inherited)",
					"@executable_path/Frameworks",
				);
				MARKETING_VERSION = 1.0;
				PRODUCT_BUNDLE_IDENTIFIER = Myreauks.connectMidiMultiple;
				PRODUCT_NAME = "$(TARGET_NAME)";
				SWIFT_EMIT_LOC_STRINGS = YES;
				SWIFT_VERSION = 5.0;
				TARGETED_DEVICE_FAMILY = "1,2";
			};
			name = Debug;
		};
		4E2D6BA52D0B5D9A00413975 /* Release */ = {
			isa = XCBuildConfiguration;
			buildSettings = {
				ALWAYS_EMBED_SWIFT_STANDARD_LIBRARIES = YES;
				ASSETCATALOG_COMPILER_APPICON_NAME = AppIcon;
				ASSETCATALOG_COMPILER_GLOBAL_ACCENT_COLOR_NAME = AccentColor;
				CODE_SIGN_STYLE = Automatic;
				CURRENT_PROJECT_VERSION = 1;
				DEVELOPMENT_ASSET_PATHS = "\"connectMidiMultiple/Preview Content\"";
				DEVELOPMENT_TEAM = DKF5TBK6G4;
				ENABLE_PREVIEWS = YES;
				GENERATE_INFOPLIST_FILE = YES;
				INFOPLIST_KEY_UIApplicationSceneManifest_Generation = YES;
				INFOPLIST_KEY_UIApplicationSupportsIndirectInputEvents = YES;
				INFOPLIST_KEY_UILaunchScreen_Generation = YES;
				INFOPLIST_KEY_UISupportedInterfaceOrientations_iPad = "UIInterfaceOrientationPortrait UIInterfaceOrientationPortraitUpsideDown UIInterfaceOrientationLandscapeLeft UIInterfaceOrientationLandscapeRight";
				INFOPLIST_KEY_UISupportedInterfaceOrientations_iPhone = "UIInterfaceOrientationPortrait UIInterfaceOrientationLandscapeLeft UIInterfaceOrientationLandscapeRight";
				LD_RUNPATH_SEARCH_PATHS = (
					"$(inherited)",
					"@executable_path/Frameworks",
				);
				MARKETING_VERSION = 1.0;
				PRODUCT_BUNDLE_IDENTIFIER = Myreauks.connectMidiMultiple;
				PRODUCT_NAME = "$(TARGET_NAME)";
				SWIFT_EMIT_LOC_STRINGS = YES;
				SWIFT_VERSION = 5.0;
				TARGETED_DEVICE_FAMILY = "1,2";
			};
			name = Release;
		};
/* End XCBuildConfiguration section */

/* Begin XCConfigurationList section */
		4E2D6B4E2D0B5D9800413975 /* Build configuration list for PBXProject "connectMidiMultiple" */ = {
			isa = XCConfigurationList;
			buildConfigurations = (
				4E2D6B9D2D0B5D9A00413975 /* Debug */,
				4E2D6B9E2D0B5D9A00413975 /* Release */,
			);
			defaultConfigurationIsVisible = 0;
			defaultConfigurationName = Release;
		};
		4E2D6B9F2D0B5D9A00413975 /* Build configuration list for PBXNativeTarget "connectMidiMultipleExtension" */ = {
			isa = XCConfigurationList;
			buildConfigurations = (
				4E2D6BA02D0B5D9A00413975 /* Debug */,
				4E2D6BA12D0B5D9A00413975 /* Release */,
			);
			defaultConfigurationIsVisible = 0;
			defaultConfigurationName = Release;
		};
		4E2D6BA32D0B5D9A00413975 /* Build configuration list for PBXNativeTarget "connectMidiMultiple" */ = {
			isa = XCConfigurationList;
			buildConfigurations = (
				4E2D6BA42D0B5D9A00413975 /* Debug */,
				4E2D6BA52D0B5D9A00413975 /* Release */,
			);
			defaultConfigurationIsVisible = 0;
			defaultConfigurationName = Release;
		};
/* End XCConfigurationList section */
	};
	rootObject = 4E2D6B4B2D0B5D9800413975 /* Project object */;
}
